PODS:
  - Alamofire (4.7.2)
  - Bolts (1.9.0):
    - Bolts/AppLinks (= 1.9.0)
    - Bolts/Tasks (= 1.9.0)
  - Bolts/AppLinks (1.9.0):
    - Bolts/Tasks
  - Bolts/Tasks (1.9.0)
  - FacebookCore (0.4.0):
    - Bolts (~> 1.9)
    - FBSDKCoreKit (~> 4.36)
  - FacebookLogin (0.4.0):
    - Bolts (~> 1.9)
    - FacebookCore (~> 0.4)
    - FBSDKCoreKit (~> 4.36)
    - FBSDKLoginKit (~> 4.36)
  - FBSDKCoreKit (4.36.0):
    - Bolts (~> 1.7)
  - FBSDKLoginKit (4.36.0):
    - FBSDKCoreKit
  - FZAccordionTableView (0.2.3)
  - IQKeyboardManagerSwift (6.0.2)
  - MBProgressHUD (1.1.0)
  - NVActivityIndicatorView (4.2.0):
    - NVActivityIndicatorView/Presenter (= 4.2.0)
  - NVActivityIndicatorView/Presenter (4.2.0)
  - Player (0.12.1)
  - PullToRefresher (3.0.2)
  - SCLAlertView (0.8)
  - SDWebImage (4.4.6):
    - SDWebImage/Core (= 4.4.6)
  - SDWebImage/Core (4.4.6)

DEPENDENCIES:
  - Alamofire
  - FacebookCore (= 0.4)
  - FacebookLogin (= 0.4)
  - FBSDKCoreKit (= 4.36.0)
  - FBSDKLoginKit (= 4.36.0)
  - FZAccordionTableView (~> 0.2.3)
  - IQKeyboardManagerSwift
  - MBProgressHUD
  - NVActivityIndicatorView
  - Player
  - PullToRefresher (~> 3.0)
  - SCLAlertView
  - SDWebImage

SPEC REPOS:
  https://github.com/cocoapods/specs.git:
    - Alamofire
    - Bolts
    - FacebookCore
    - FacebookLogin
    - FBSDKCoreKit
    - FBSDKLoginKit
    - FZAccordionTableView
    - IQKeyboardManagerSwift
    - MBProgressHUD
    - NVActivityIndicatorView
    - Player
    - PullToRefresher
    - SCLAlertView
    - SDWebImage

SPEC CHECKSUMS:
  Alamofire: e4fa87002c137ba2d8d634d2c51fabcda0d5c223
  Bolts: ac6567323eac61e203f6a9763667d0f711be34c8
  FacebookCore: 770e57cfe250a4de4458b682191c0ff062dee247
  FacebookLogin: eb0f2251aca835a94d70a5f7e580edc46d1e1603
  FBSDKCoreKit: 3b8e6570eedb443f9fc4af196a7bf39f18e3a3d8
  FBSDKLoginKit: 8bccb6064708ab2f4251a7fc4e3b6d8d00ad91ba
  FZAccordionTableView: e64f49c71c32d750feda14025b088bcd25d1a71f
  IQKeyboardManagerSwift: 59d4b0e140bc546c3c76ae5bb35b3dafd10b8172
  MBProgressHUD: e7baa36a220447d8aeb12769bf0585582f3866d9
  NVActivityIndicatorView: 75c9634073e03b31d7e2748cd2417feab1206195
  Player: ae8070a33c9360f5c93c247c00236b9489f62fca
  PullToRefresher: 25a367871a70b1da0b28e8e7cecceb4ef04f5f56
  SCLAlertView: 6a77bb2edfc65e04dbe57725546cb4107a506b85
  SDWebImage: 3f3f0c02f09798048c47a5ed0a13f17b063572d8

PODFILE CHECKSUM: 22f32f843874385f41d69aa3daf5689aca1855e4

COCOAPODS: 1.5.3
